
Microsoft Visual Studio Solution File, Format Version 12.00
# Visual Studio Version 17
VisualStudioVersion = 17.11.35431.28
MinimumVisualStudioVersion = 10.0.40219.1
Project("{FAE04EC0-301F-11D3-BF4B-00C04F79EFBC}") = "Restaurant_Management_System", "Restaurant_Management_System.csproj", "{98D7FE3E-60D2-48E3-9125-AAB0F82A24BC}"
EndProject
Global
	GlobalSection(SolutionConfigurationPlatforms) = preSolution
		Debug|Any CPU = Debug|Any CPU
		Release|Any CPU = Release|Any CPU
	EndGlobalSection
	GlobalSection(ProjectConfigurationPlatforms) = postSolution
		{98D7FE3E-60D2-48E3-9125-AAB0F82A24BC}.Debug|Any CPU.ActiveCfg = Debug|Any CPU
		{98D7FE3E-60D2-48E3-9125-AAB0F82A24BC}.Debug|Any CPU.Build.0 = Debug|Any CPU
		{98D7FE3E-60D2-48E3-9125-AAB0F82A24BC}.Release|Any CPU.ActiveCfg = Release|Any CPU
		{98D7FE3E-60D2-48E3-9125-AAB0F82A24BC}.Release|Any CPU.Build.0 = Release|Any CPU
	EndGlobalSection
	GlobalSection(SolutionProperties) = preSolution
		HideSolutionNode = FALSE
	EndGlobalSection
	GlobalSection(ExtensibilityGlobals) = postSolution
		SolutionGuid = {CAABC684-D334-419D-990C-AFD2EDFC6F70}
	EndGlobalSection
EndGlobal
